
Microsoft Visual Studio Solution File, Format Version 12.00
# Visual Studio Version 16
VisualStudioVersion = 16.0.30011.22
MinimumVisualStudioVersion = 10.0.40219.1
Project("{FAE04EC0-301F-11D3-BF4B-00C04F79EFBC}") = "Expendedora", "Expendedora.csproj", "{2A13AA39-C6AF-4A63-BBD7-E21EAA7E1915}"
EndProject
Global
	GlobalSection(SolutionConfigurationPlatforms) = preSolution
		Debug|Any CPU = Debug|Any CPU
		Release|Any CPU = Release|Any CPU
	EndGlobalSection
	GlobalSection(ProjectConfigurationPlatforms) = postSolution
		{2A13AA39-C6AF-4A63-BBD7-E21EAA7E1915}.Debug|Any CPU.ActiveCfg = Debug|Any CPU
		{2A13AA39-C6AF-4A63-BBD7-E21EAA7E1915}.Debug|Any CPU.Build.0 = Debug|Any CPU
		{2A13AA39-C6AF-4A63-BBD7-E21EAA7E1915}.Release|Any CPU.ActiveCfg = Release|Any CPU
		{2A13AA39-C6AF-4A63-BBD7-E21EAA7E1915}.Release|Any CPU.Build.0 = Release|Any CPU
	EndGlobalSection
	GlobalSection(SolutionProperties) = preSolution
		HideSolutionNode = FALSE
	EndGlobalSection
	GlobalSection(ExtensibilityGlobals) = postSolution
		SolutionGuid = {022558C9-567A-4A09-9288-9C5D3D3A4A22}
	EndGlobalSection
EndGlobal
